# @generated by Move, please check-in and do not edit manually.

[move]
version = 2
manifest_digest = "D1C074BD90F96A9890E0CA8959609BE999F6D6EAE68B1E956DFD2D435C5E5944"
deps_digest = "3C4103934B1E040BB6B23F1D610B4EF9F2F1166A50A104EADCF77467C004C600"
dependencies = [
  { name = "Sui" },
  { name = "dominion" },
]

[[move.package]]
name = "MoveStdlib"
source = { git = "https://github.com/MystenLabs/sui.git", rev = "framework/devnet", subdir = "crates/sui-framework/packages/move-stdlib" }

[[move.package]]
name = "Sui"
source = { git = "https://github.com/MystenLabs/sui.git", rev = "framework/devnet", subdir = "crates/sui-framework/packages/sui-framework" }

dependencies = [
  { name = "MoveStdlib" },
]

[[move.package]]
name = "dominion"
source = { local = "../dominion" }

dependencies = [
  { name = "Sui" },
]

[move.toolchain-version]
compiler-version = "1.25.0"
edition = "2024.beta"
flavor = "sui"

[env]

[env.devnet]
chain-id = "f4950f51"
original-published-id = "0x1e389d29e387b9058ed052ffbd9e3172b9ed2dc3dda7c27a41728e18618e8108"
latest-published-id = "0x1e389d29e387b9058ed052ffbd9e3172b9ed2dc3dda7c27a41728e18618e8108"
published-version = "1"
