# @generated by Move, please check-in and do not edit manually.

[move]
version = 2
manifest_digest = "C6A94F19EF0F34F9A3D7F8059DB174719A9F85E28306E78DE016DD3963D089DF"
deps_digest = "3C4103934B1E040BB6B23F1D610B4EF9F2F1166A50A104EADCF77467C004C600"
dependencies = [
  { name = "Sui" },
  { name = "dominion" },
]

[[move.package]]
name = "MoveStdlib"
source = { git = "https://github.com/MystenLabs/sui.git", rev = "framework/devnet", subdir = "crates/sui-framework/packages/move-stdlib" }

[[move.package]]
name = "Sui"
source = { git = "https://github.com/MystenLabs/sui.git", rev = "framework/devnet", subdir = "crates/sui-framework/packages/sui-framework" }

dependencies = [
  { name = "MoveStdlib" },
]

[[move.package]]
name = "dominion"
source = { local = "../dominion" }

dependencies = [
  { name = "Sui" },
]

[move.toolchain-version]
compiler-version = "1.25.0"
edition = "2024.beta"
flavor = "sui"

[env]

[env.devnet]
chain-id = "b3f81552"
original-published-id = "0x4f6a58766c6ceeabbeb85575056f2a74d0b489f8d4470ca44ba8ff5aa5f15c35"
latest-published-id = "0x4f6a58766c6ceeabbeb85575056f2a74d0b489f8d4470ca44ba8ff5aa5f15c35"
published-version = "1"
