# @generated by Move, please check-in and do not edit manually.

[move]
version = 2
manifest_digest = "167BF49D193CCD249F92196467F23B1B954842B11F6C111BB1BE53005C517779"
deps_digest = "3C4103934B1E040BB6B23F1D610B4EF9F2F1166A50A104EADCF77467C004C600"
dependencies = [
  { name = "Sui" },
  { name = "dominion" },
]

[[move.package]]
name = "MoveStdlib"
source = { git = "https://github.com/MystenLabs/sui.git", rev = "framework/devnet", subdir = "crates/sui-framework/packages/move-stdlib" }

[[move.package]]
name = "Sui"
source = { git = "https://github.com/MystenLabs/sui.git", rev = "framework/devnet", subdir = "crates/sui-framework/packages/sui-framework" }

dependencies = [
  { name = "MoveStdlib" },
]

[[move.package]]
name = "dominion"
source = { local = "../dominion" }

dependencies = [
  { name = "Sui" },
]

[move.toolchain-version]
compiler-version = "1.25.0"
edition = "2024.beta"
flavor = "sui"

[env]

[env.devnet]
chain-id = "bd665407"
original-published-id = "0x2c256584462b95de8d2fd6aeddea116b00e5e0ff5c6547e018a043ff8d61f30a"
latest-published-id = "0x2c256584462b95de8d2fd6aeddea116b00e5e0ff5c6547e018a043ff8d61f30a"
published-version = "1"
