# @generated by Move, please check-in and do not edit manually.

[move]
version = 1
manifest_digest = "630A88BDC0FCF78326A855BE8033CDA4BFE0A0053D7CE0C76DB93183BEBB80EB"
deps_digest = "F8BBB0CCB2491CA29A3DF03D6F92277A4F3574266507ACD77214D37ECA3F3082"
dependencies = [
  { name = "Sui" },
]

[[move.package]]
name = "MoveStdlib"
source = { git = "https://github.com/MystenLabs/sui.git", rev = "devnet", subdir = "crates/sui-framework/packages/move-stdlib" }

[[move.package]]
name = "Sui"
source = { git = "https://github.com/MystenLabs/sui.git", rev = "devnet", subdir = "crates/sui-framework/packages/sui-framework" }

dependencies = [
  { name = "MoveStdlib" },
]

[move.toolchain-version]
compiler-version = "1.25.0"
edition = "2024.beta"
flavor = "sui"

[env]

[env.devnet]
chain-id = "f4950f51"
original-published-id = "0xe763ae0b43883d7a67775a5ebe62dffaacc368278644ebf0b39add473b29b03f"
latest-published-id = "0xe763ae0b43883d7a67775a5ebe62dffaacc368278644ebf0b39add473b29b03f"
published-version = "1"
