# @generated by Move, please check-in and do not edit manually.

[move]
version = 1
manifest_digest = "630A88BDC0FCF78326A855BE8033CDA4BFE0A0053D7CE0C76DB93183BEBB80EB"
deps_digest = "F8BBB0CCB2491CA29A3DF03D6F92277A4F3574266507ACD77214D37ECA3F3082"
dependencies = [
  { name = "Sui" },
]

[[move.package]]
name = "MoveStdlib"
source = { git = "https://github.com/MystenLabs/sui.git", rev = "devnet", subdir = "crates/sui-framework/packages/move-stdlib" }

[[move.package]]
name = "Sui"
source = { git = "https://github.com/MystenLabs/sui.git", rev = "devnet", subdir = "crates/sui-framework/packages/sui-framework" }

dependencies = [
  { name = "MoveStdlib" },
]

[move.toolchain-version]
compiler-version = "1.27.0"
edition = "2024.beta"
flavor = "sui"

[env]

[env.devnet]
chain-id = "49fe5305"
original-published-id = "0x8973123557f275226ad00f8437ee521a51afde5f27e9d9cfeb7de72e11c81662"
latest-published-id = "0x8973123557f275226ad00f8437ee521a51afde5f27e9d9cfeb7de72e11c81662"
published-version = "1"
