# @generated by Move, please check-in and do not edit manually.

[move]
version = 1
manifest_digest = "AB92A09B2EE38981221B093E6156686DE45463EC071EEC1C2C36FD042D5A6E29"
deps_digest = "F8BBB0CCB2491CA29A3DF03D6F92277A4F3574266507ACD77214D37ECA3F3082"
dependencies = [
  { name = "Sui" },
]

[[move.package]]
name = "MoveStdlib"
source = { git = "https://github.com/MystenLabs/sui.git", rev = "framework/devnet", subdir = "crates/sui-framework/packages/move-stdlib" }

[[move.package]]
name = "Sui"
source = { git = "https://github.com/MystenLabs/sui.git", rev = "framework/devnet", subdir = "crates/sui-framework/packages/sui-framework" }

dependencies = [
  { name = "MoveStdlib" },
]

[move.toolchain-version]
compiler-version = "1.24.0"
edition = "2024.beta"
flavor = "sui"

[env]

[env.devnet]
chain-id = "aba66e60"
original-published-id = "0x2c00b82adf4c1a39754a1eb2e1e69368245fa623b42b0b7ef36658aebf9ed670"
latest-published-id = "0x2c00b82adf4c1a39754a1eb2e1e69368245fa623b42b0b7ef36658aebf9ed670"
published-version = "1"
