# @generated by Move, please check-in and do not edit manually.

[move]
version = 2
manifest_digest = "D1F925D14D062ACAA143A834BF00D86CAAF2DD5550A4096D9AD1144BBD3C00C3"
deps_digest = "3C4103934B1E040BB6B23F1D610B4EF9F2F1166A50A104EADCF77467C004C600"
dependencies = [
  { name = "Sui" },
  { name = "dominion" },
]

[[move.package]]
name = "MoveStdlib"
source = { git = "https://github.com/MystenLabs/sui.git", rev = "framework/devnet", subdir = "crates/sui-framework/packages/move-stdlib" }

[[move.package]]
name = "Sui"
source = { git = "https://github.com/MystenLabs/sui.git", rev = "framework/devnet", subdir = "crates/sui-framework/packages/sui-framework" }

dependencies = [
  { name = "MoveStdlib" },
]

[[move.package]]
name = "dominion"
source = { local = "../dominion" }

dependencies = [
  { name = "Sui" },
]

[move.toolchain-version]
compiler-version = "1.25.0"
edition = "2024.beta"
flavor = "sui"

[env]

[env.devnet]
chain-id = "bd665407"
original-published-id = "0x101a5f37c1ee6aa209bab8a9e4a6d796a438ef79b3e48b79f25b92428f395482"
latest-published-id = "0x101a5f37c1ee6aa209bab8a9e4a6d796a438ef79b3e48b79f25b92428f395482"
published-version = "1"
