# @generated by Move, please check-in and do not edit manually.

[move]
version = 2
manifest_digest = "E3C5BDD3DFC0D26660000262D5F0A441AF6D8A3D0EF0BC36F930429288C6E305"
deps_digest = "3C4103934B1E040BB6B23F1D610B4EF9F2F1166A50A104EADCF77467C004C600"
dependencies = [
  { name = "Sui" },
  { name = "dominion" },
]

[[move.package]]
name = "MoveStdlib"
source = { git = "https://github.com/MystenLabs/sui.git", rev = "framework/devnet", subdir = "crates/sui-framework/packages/move-stdlib" }

[[move.package]]
name = "Sui"
source = { git = "https://github.com/MystenLabs/sui.git", rev = "framework/devnet", subdir = "crates/sui-framework/packages/sui-framework" }

dependencies = [
  { name = "MoveStdlib" },
]

[[move.package]]
name = "dominion"
source = { local = "../dominion" }

dependencies = [
  { name = "Sui" },
]

[move.toolchain-version]
compiler-version = "1.25.0"
edition = "2024.beta"
flavor = "sui"

[env]

[env.devnet]
chain-id = "bd665407"
original-published-id = "0x696f2dc46a84a1c4620140dff6cb2953cc7f98ef85dd25045e8d9be6bcfef52c"
latest-published-id = "0x696f2dc46a84a1c4620140dff6cb2953cc7f98ef85dd25045e8d9be6bcfef52c"
published-version = "1"
