# @generated by Move, please check-in and do not edit manually.

[move]
version = 2
manifest_digest = "0CFAAEE968412FAEB13DECA33366DC81FA41E2AFB257CFEE5AB36CD8C0CC4757"
deps_digest = "3C4103934B1E040BB6B23F1D610B4EF9F2F1166A50A104EADCF77467C004C600"
dependencies = [
  { name = "Sui" },
  { name = "dominion" },
]

[[move.package]]
name = "MoveStdlib"
source = { git = "https://github.com/MystenLabs/sui.git", rev = "devnet", subdir = "crates/sui-framework/packages/move-stdlib" }

[[move.package]]
name = "Sui"
source = { git = "https://github.com/MystenLabs/sui.git", rev = "devnet", subdir = "crates/sui-framework/packages/sui-framework" }

dependencies = [
  { name = "MoveStdlib" },
]

[[move.package]]
name = "dominion"
source = { local = "../dominion" }

dependencies = [
  { name = "Sui" },
]

[move.toolchain-version]
compiler-version = "1.25.0"
edition = "2024.beta"
flavor = "sui"

[env]

[env.devnet]
chain-id = "d29677eb"
original-published-id = "0xbae168c869d97e7854388942cd633625fb72c994a25077d3904b6499695fbb09"
latest-published-id = "0xbae168c869d97e7854388942cd633625fb72c994a25077d3904b6499695fbb09"
published-version = "1"
