# @generated by Move, please check-in and do not edit manually.

[move]
version = 2
manifest_digest = "9D6A81602DBDC77973F24B5207C01D88693CDDF3EFCAE8F323EF182E546F7AA4"
deps_digest = "F8BBB0CCB2491CA29A3DF03D6F92277A4F3574266507ACD77214D37ECA3F3082"
dependencies = [
  { name = "Sui" },
]

[[move.package]]
name = "MoveStdlib"
source = { git = "https://github.com/MystenLabs/sui.git", rev = "framework/devnet", subdir = "crates/sui-framework/packages/move-stdlib" }

[[move.package]]
name = "Sui"
source = { git = "https://github.com/MystenLabs/sui.git", rev = "framework/devnet", subdir = "crates/sui-framework/packages/sui-framework" }

dependencies = [
  { name = "MoveStdlib" },
]

[move.toolchain-version]
compiler-version = "1.25.0"
edition = "2024.beta"
flavor = "sui"

[env]

[env.devnet]
chain-id = "f4950f51"
original-published-id = "0xb4ea3178a4cc9dedcfe4877ba4128e3d729c085d04508892a6047d171fd487d0"
latest-published-id = "0xb4ea3178a4cc9dedcfe4877ba4128e3d729c085d04508892a6047d171fd487d0"
published-version = "1"
