# @generated by Move, please check-in and do not edit manually.

[move]
version = 2
manifest_digest = "240904EAE03E26F48B53A921FD7EF070477CF418557B2C8E1C12B39EECD581D0"
deps_digest = "F8BBB0CCB2491CA29A3DF03D6F92277A4F3574266507ACD77214D37ECA3F3082"
dependencies = [
  { name = "Sui" },
]

[[move.package]]
name = "MoveStdlib"
source = { git = "https://github.com/MystenLabs/sui.git", rev = "framework/devnet", subdir = "crates/sui-framework/packages/move-stdlib" }

[[move.package]]
name = "Sui"
source = { git = "https://github.com/MystenLabs/sui.git", rev = "framework/devnet", subdir = "crates/sui-framework/packages/sui-framework" }

dependencies = [
  { name = "MoveStdlib" },
]

[move.toolchain-version]
compiler-version = "1.27.0"
edition = "2024.beta"
flavor = "sui"

[env]

[env.devnet]
chain-id = "49fe5305"
original-published-id = "0xd90ad54ece8f63a49a53ed629a4c64d9fbe9a54c3d02e609f78d6fae52bd905b"
latest-published-id = "0xd90ad54ece8f63a49a53ed629a4c64d9fbe9a54c3d02e609f78d6fae52bd905b"
published-version = "1"
